
Microsoft Visual Studio Solution File, Format Version 12.00
# Visual Studio Version 17
VisualStudioVersion = 17.4.33122.133
MinimumVisualStudioVersion = 10.0.40219.1
Project("{FAE04EC0-301F-11D3-BF4B-00C04F79EFBC}") = "Fumbi", "Fumbi\Fumbi.csproj", "{A7D6AACE-7E35-4912-AD2B-583EF3628A36}"
EndProject
Global
	GlobalSection(SolutionConfigurationPlatforms) = preSolution
		Debug|Any CPU = Debug|Any CPU
		Release|Any CPU = Release|Any CPU
	EndGlobalSection
	GlobalSection(ProjectConfigurationPlatforms) = postSolution
		{A7D6AACE-7E35-4912-AD2B-583EF3628A36}.Debug|Any CPU.ActiveCfg = Debug|Any CPU
		{A7D6AACE-7E35-4912-AD2B-583EF3628A36}.Debug|Any CPU.Build.0 = Debug|Any CPU
		{A7D6AACE-7E35-4912-AD2B-583EF3628A36}.Release|Any CPU.ActiveCfg = Release|Any CPU
		{A7D6AACE-7E35-4912-AD2B-583EF3628A36}.Release|Any CPU.Build.0 = Release|Any CPU
	EndGlobalSection
	GlobalSection(SolutionProperties) = preSolution
		HideSolutionNode = FALSE
	EndGlobalSection
	GlobalSection(ExtensibilityGlobals) = postSolution
		SolutionGuid = {0B8F5ED4-8880-4E8C-8399-9AC717EDD578}
	EndGlobalSection
EndGlobal
